
Microsoft Visual Studio Solution File, Format Version 12.00
# Visual Studio Version 17
VisualStudioVersion = 17.8.34330.188
MinimumVisualStudioVersion = 10.0.40219.1
Project("{9A19103F-16F7-4668-BE54-9A1E7A4F7556}") = "TravelCloud", "TravelCloud\TravelCloud.csproj", "{E093FE05-2DC6-4E04-B437-A70EA6AB86F7}"
EndProject
Global
	GlobalSection(SolutionConfigurationPlatforms) = preSolution
		Debug|Any CPU = Debug|Any CPU
		Release|Any CPU = Release|Any CPU
	EndGlobalSection
	GlobalSection(ProjectConfigurationPlatforms) = postSolution
		{E093FE05-2DC6-4E04-B437-A70EA6AB86F7}.Debug|Any CPU.ActiveCfg = Debug|Any CPU
		{E093FE05-2DC6-4E04-B437-A70EA6AB86F7}.Debug|Any CPU.Build.0 = Debug|Any CPU
		{E093FE05-2DC6-4E04-B437-A70EA6AB86F7}.Release|Any CPU.ActiveCfg = Release|Any CPU
		{E093FE05-2DC6-4E04-B437-A70EA6AB86F7}.Release|Any CPU.Build.0 = Release|Any CPU
	EndGlobalSection
	GlobalSection(SolutionProperties) = preSolution
		HideSolutionNode = FALSE
	EndGlobalSection
	GlobalSection(ExtensibilityGlobals) = postSolution
		SolutionGuid = {3A8CEB19-03FF-482D-AE7E-6C1E4F84FA46}
	EndGlobalSection
EndGlobal
